
Microsoft Visual Studio Solution File, Format Version 12.00
# Visual Studio Version 18
VisualStudioVersion = 18.0.0.0
MinimumVisualStudioVersion = 10.0.40219.1
Project("{FAE04EC0-301F-11D3-BF4B-00C04F79EFBC}") = "ListenSphere.Controller", "apps\ListenSphere.Controller\ListenSphere.Controller.csproj", "{10000000-0000-0000-0000-000000000001}"
EndProject
Project("{FAE04EC0-301F-11D3-BF4B-00C04F79EFBC}") = "ListenSphere.Sender", "apps\ListenSphere.Sender\ListenSphere.Sender.csproj", "{10000000-0000-0000-0000-000000000002}"
EndProject
Project("{FAE04EC0-301F-11D3-BF4B-00C04F79EFBC}") = "ListenSphere.Audio.Abstractions", "src\ListenSphere.Audio.Abstractions\ListenSphere.Audio.Abstractions.csproj", "{20000000-0000-0000-0000-000000000001}"
EndProject
Project("{FAE04EC0-301F-11D3-BF4B-00C04F79EFBC}") = "ListenSphere.Audio.Engine", "src\ListenSphere.Audio.Engine\ListenSphere.Audio.Engine.csproj", "{20000000-0000-0000-0000-000000000002}"
EndProject
Project("{FAE04EC0-301F-11D3-BF4B-00C04F79EFBC}") = "ListenSphere.Configuration", "src\ListenSphere.Configuration\ListenSphere.Configuration.csproj", "{20000000-0000-0000-0000-000000000003}"
EndProject
Project("{FAE04EC0-301F-11D3-BF4B-00C04F79EFBC}") = "ListenSphere.Device", "src\ListenSphere.Device\ListenSphere.Device.csproj", "{20000000-0000-0000-0000-000000000004}"
EndProject
Project("{FAE04EC0-301F-11D3-BF4B-00C04F79EFBC}") = "ListenSphere.Diagnostics", "src\ListenSphere.Diagnostics\ListenSphere.Diagnostics.csproj", "{20000000-0000-0000-0000-000000000005}"
EndProject
Project("{FAE04EC0-301F-11D3-BF4B-00C04F79EFBC}") = "ListenSphere.Network", "src\ListenSphere.Network\ListenSphere.Network.csproj", "{20000000-0000-0000-0000-000000000006}"
EndProject
Project("{FAE04EC0-301F-11D3-BF4B-00C04F79EFBC}") = "ListenSphere.Protocol", "src\ListenSphere.Protocol\ListenSphere.Protocol.csproj", "{20000000-0000-0000-0000-000000000007}"
EndProject
Project("{FAE04EC0-301F-11D3-BF4B-00C04F79EFBC}") = "ListenSphere.Windows.Audio", "src\ListenSphere.Windows.Audio\ListenSphere.Windows.Audio.csproj", "{20000000-0000-0000-0000-000000000008}"
EndProject
Project("{FAE04EC0-301F-11D3-BF4B-00C04F79EFBC}") = "ListenSphere.Windows.AudioSessions", "src\ListenSphere.Windows.AudioSessions\ListenSphere.Windows.AudioSessions.csproj", "{20000000-0000-0000-0000-000000000009}"
EndProject
Project("{FAE04EC0-301F-11D3-BF4B-00C04F79EFBC}") = "ListenSphere.Windows.Devices", "src\ListenSphere.Windows.Devices\ListenSphere.Windows.Devices.csproj", "{20000000-0000-0000-0000-000000000010}"
EndProject
Project("{FAE04EC0-301F-11D3-BF4B-00C04F79EFBC}") = "ListenSphere.Architecture.Tests", "tests\ListenSphere.Architecture.Tests\ListenSphere.Architecture.Tests.csproj", "{30000000-0000-0000-0000-000000000001}"
EndProject
Project("{FAE04EC0-301F-11D3-BF4B-00C04F79EFBC}") = "ListenSphere.Core.Tests", "tests\ListenSphere.Core.Tests\ListenSphere.Core.Tests.csproj", "{30000000-0000-0000-0000-000000000002}"
EndProject
Project("{FAE04EC0-301F-11D3-BF4B-00C04F79EFBC}") = "ListenSphere.Protocol.Tests", "tests\ListenSphere.Protocol.Tests\ListenSphere.Protocol.Tests.csproj", "{30000000-0000-0000-0000-000000000003}"
EndProject
Project("{FAE04EC0-301F-11D3-BF4B-00C04F79EFBC}") = "ListenSphere.Windows.TechnicalTests", "tests\ListenSphere.Windows.TechnicalTests\ListenSphere.Windows.TechnicalTests.csproj", "{30000000-0000-0000-0000-000000000004}"
EndProject
Project("{2150E333-8FDC-42A3-9474-1A3956D46DE8}") = "src", "src", "{827E0CD3-B72D-47B6-A68D-7590B98EB39B}"
EndProject
Project("{FAE04EC0-301F-11D3-BF4B-00C04F79EFBC}") = "ListenSphere.Windows.Bluetooth", "src\ListenSphere.Windows.Bluetooth\ListenSphere.Windows.Bluetooth.csproj", "{A59D4C56-53C6-41FD-962A-E9646751E78E}"
EndProject
Project("{FAE04EC0-301F-11D3-BF4B-00C04F79EFBC}") = "ListenSphere.Windows.Usb", "src\ListenSphere.Windows.Usb\ListenSphere.Windows.Usb.csproj", "{34E21CB7-B6D3-48D9-B0CC-477DCDDDA25B}"
EndProject
Global
	GlobalSection(SolutionConfigurationPlatforms) = preSolution
		Debug|Any CPU = Debug|Any CPU
		Debug|x64 = Debug|x64
		Debug|x86 = Debug|x86
		Release|Any CPU = Release|Any CPU
		Release|x64 = Release|x64
		Release|x86 = Release|x86
	EndGlobalSection
	GlobalSection(ProjectConfigurationPlatforms) = postSolution
		{10000000-0000-0000-0000-000000000001}.Debug|Any CPU.ActiveCfg = Debug|Any CPU
		{10000000-0000-0000-0000-000000000001}.Debug|Any CPU.Build.0 = Debug|Any CPU
		{10000000-0000-0000-0000-000000000001}.Debug|x64.ActiveCfg = Debug|Any CPU
		{10000000-0000-0000-0000-000000000001}.Debug|x64.Build.0 = Debug|Any CPU
		{10000000-0000-0000-0000-000000000001}.Debug|x86.ActiveCfg = Debug|Any CPU
		{10000000-0000-0000-0000-000000000001}.Debug|x86.Build.0 = Debug|Any CPU
		{10000000-0000-0000-0000-000000000001}.Release|Any CPU.ActiveCfg = Release|Any CPU
		{10000000-0000-0000-0000-000000000001}.Release|Any CPU.Build.0 = Release|Any CPU
		{10000000-0000-0000-0000-000000000001}.Release|x64.ActiveCfg = Release|Any CPU
		{10000000-0000-0000-0000-000000000001}.Release|x64.Build.0 = Release|Any CPU
		{10000000-0000-0000-0000-000000000001}.Release|x86.ActiveCfg = Release|Any CPU
		{10000000-0000-0000-0000-000000000001}.Release|x86.Build.0 = Release|Any CPU
		{10000000-0000-0000-0000-000000000002}.Debug|Any CPU.ActiveCfg = Debug|Any CPU
		{10000000-0000-0000-0000-000000000002}.Debug|Any CPU.Build.0 = Debug|Any CPU
		{10000000-0000-0000-0000-000000000002}.Debug|x64.ActiveCfg = Debug|Any CPU
		{10000000-0000-0000-0000-000000000002}.Debug|x64.Build.0 = Debug|Any CPU
		{10000000-0000-0000-0000-000000000002}.Debug|x86.ActiveCfg = Debug|Any CPU
		{10000000-0000-0000-0000-000000000002}.Debug|x86.Build.0 = Debug|Any CPU
		{10000000-0000-0000-0000-000000000002}.Release|Any CPU.ActiveCfg = Release|Any CPU
		{10000000-0000-0000-0000-000000000002}.Release|Any CPU.Build.0 = Release|Any CPU
		{10000000-0000-0000-0000-000000000002}.Release|x64.ActiveCfg = Release|Any CPU
		{10000000-0000-0000-0000-000000000002}.Release|x64.Build.0 = Release|Any CPU
		{10000000-0000-0000-0000-000000000002}.Release|x86.ActiveCfg = Release|Any CPU
		{10000000-0000-0000-0000-000000000002}.Release|x86.Build.0 = Release|Any CPU
		{20000000-0000-0000-0000-000000000001}.Debug|Any CPU.ActiveCfg = Debug|Any CPU
		{20000000-0000-0000-0000-000000000001}.Debug|Any CPU.Build.0 = Debug|Any CPU
		{20000000-0000-0000-0000-000000000001}.Debug|x64.ActiveCfg = Debug|Any CPU
		{20000000-0000-0000-0000-000000000001}.Debug|x64.Build.0 = Debug|Any CPU
		{20000000-0000-0000-0000-000000000001}.Debug|x86.ActiveCfg = Debug|Any CPU
		{20000000-0000-0000-0000-000000000001}.Debug|x86.Build.0 = Debug|Any CPU
		{20000000-0000-0000-0000-000000000001}.Release|Any CPU.ActiveCfg = Release|Any CPU
		{20000000-0000-0000-0000-000000000001}.Release|Any CPU.Build.0 = Release|Any CPU
		{20000000-0000-0000-0000-000000000001}.Release|x64.ActiveCfg = Release|Any CPU
		{20000000-0000-0000-0000-000000000001}.Release|x64.Build.0 = Release|Any CPU
		{20000000-0000-0000-0000-000000000001}.Release|x86.ActiveCfg = Release|Any CPU
		{20000000-0000-0000-0000-000000000001}.Release|x86.Build.0 = Release|Any CPU
		{20000000-0000-0000-0000-000000000002}.Debug|Any CPU.ActiveCfg = Debug|Any CPU
		{20000000-0000-0000-0000-000000000002}.Debug|Any CPU.Build.0 = Debug|Any CPU
		{20000000-0000-0000-0000-000000000002}.Debug|x64.ActiveCfg = Debug|Any CPU
		{20000000-0000-0000-0000-000000000002}.Debug|x64.Build.0 = Debug|Any CPU
		{20000000-0000-0000-0000-000000000002}.Debug|x86.ActiveCfg = Debug|Any CPU
		{20000000-0000-0000-0000-000000000002}.Debug|x86.Build.0 = Debug|Any CPU
		{20000000-0000-0000-0000-000000000002}.Release|Any CPU.ActiveCfg = Release|Any CPU
		{20000000-0000-0000-0000-000000000002}.Release|Any CPU.Build.0 = Release|Any CPU
		{20000000-0000-0000-0000-000000000002}.Release|x64.ActiveCfg = Release|Any CPU
		{20000000-0000-0000-0000-000000000002}.Release|x64.Build.0 = Release|Any CPU
		{20000000-0000-0000-0000-000000000002}.Release|x86.ActiveCfg = Release|Any CPU
		{20000000-0000-0000-0000-000000000002}.Release|x86.Build.0 = Release|Any CPU
		{20000000-0000-0000-0000-000000000003}.Debug|Any CPU.ActiveCfg = Debug|Any CPU
		{20000000-0000-0000-0000-000000000003}.Debug|Any CPU.Build.0 = Debug|Any CPU
		{20000000-0000-0000-0000-000000000003}.Debug|x64.ActiveCfg = Debug|Any CPU
		{20000000-0000-0000-0000-000000000003}.Debug|x64.Build.0 = Debug|Any CPU
		{20000000-0000-0000-0000-000000000003}.Debug|x86.ActiveCfg = Debug|Any CPU
		{20000000-0000-0000-0000-000000000003}.Debug|x86.Build.0 = Debug|Any CPU
		{20000000-0000-0000-0000-000000000003}.Release|Any CPU.ActiveCfg = Release|Any CPU
		{20000000-0000-0000-0000-000000000003}.Release|Any CPU.Build.0 = Release|Any CPU
		{20000000-0000-0000-0000-000000000003}.Release|x64.ActiveCfg = Release|Any CPU
		{20000000-0000-0000-0000-000000000003}.Release|x64.Build.0 = Release|Any CPU
		{20000000-0000-0000-0000-000000000003}.Release|x86.ActiveCfg = Release|Any CPU
		{20000000-0000-0000-0000-000000000003}.Release|x86.Build.0 = Release|Any CPU
		{20000000-0000-0000-0000-000000000004}.Debug|Any CPU.ActiveCfg = Debug|Any CPU
		{20000000-0000-0000-0000-000000000004}.Debug|Any CPU.Build.0 = Debug|Any CPU
		{20000000-0000-0000-0000-000000000004}.Debug|x64.ActiveCfg = Debug|Any CPU
		{20000000-0000-0000-0000-000000000004}.Debug|x64.Build.0 = Debug|Any CPU
		{20000000-0000-0000-0000-000000000004}.Debug|x86.ActiveCfg = Debug|Any CPU
		{20000000-0000-0000-0000-000000000004}.Debug|x86.Build.0 = Debug|Any CPU
		{20000000-0000-0000-0000-000000000004}.Release|Any CPU.ActiveCfg = Release|Any CPU
		{20000000-0000-0000-0000-000000000004}.Release|Any CPU.Build.0 = Release|Any CPU
		{20000000-0000-0000-0000-000000000004}.Release|x64.ActiveCfg = Release|Any CPU
		{20000000-0000-0000-0000-000000000004}.Release|x64.Build.0 = Release|Any CPU
		{20000000-0000-0000-0000-000000000004}.Release|x86.ActiveCfg = Release|Any CPU
		{20000000-0000-0000-0000-000000000004}.Release|x86.Build.0 = Release|Any CPU
		{20000000-0000-0000-0000-000000000005}.Debug|Any CPU.ActiveCfg = Debug|Any CPU
		{20000000-0000-0000-0000-000000000005}.Debug|Any CPU.Build.0 = Debug|Any CPU
		{20000000-0000-0000-0000-000000000005}.Debug|x64.ActiveCfg = Debug|Any CPU
		{20000000-0000-0000-0000-000000000005}.Debug|x64.Build.0 = Debug|Any CPU
		{20000000-0000-0000-0000-000000000005}.Debug|x86.ActiveCfg = Debug|Any CPU
		{20000000-0000-0000-0000-000000000005}.Debug|x86.Build.0 = Debug|Any CPU
		{20000000-0000-0000-0000-000000000005}.Release|Any CPU.ActiveCfg = Release|Any CPU
		{20000000-0000-0000-0000-000000000005}.Release|Any CPU.Build.0 = Release|Any CPU
		{20000000-0000-0000-0000-000000000005}.Release|x64.ActiveCfg = Release|Any CPU
		{20000000-0000-0000-0000-000000000005}.Release|x64.Build.0 = Release|Any CPU
		{20000000-0000-0000-0000-000000000005}.Release|x86.ActiveCfg = Release|Any CPU
		{20000000-0000-0000-0000-000000000005}.Release|x86.Build.0 = Release|Any CPU
		{20000000-0000-0000-0000-000000000006}.Debug|Any CPU.ActiveCfg = Debug|Any CPU
		{20000000-0000-0000-0000-000000000006}.Debug|Any CPU.Build.0 = Debug|Any CPU
		{20000000-0000-0000-0000-000000000006}.Debug|x64.ActiveCfg = Debug|Any CPU
		{20000000-0000-0000-0000-000000000006}.Debug|x64.Build.0 = Debug|Any CPU
		{20000000-0000-0000-0000-000000000006}.Debug|x86.ActiveCfg = Debug|Any CPU
		{20000000-0000-0000-0000-000000000006}.Debug|x86.Build.0 = Debug|Any CPU
		{20000000-0000-0000-0000-000000000006}.Release|Any CPU.ActiveCfg = Release|Any CPU
		{20000000-0000-0000-0000-000000000006}.Release|Any CPU.Build.0 = Release|Any CPU
		{20000000-0000-0000-0000-000000000006}.Release|x64.ActiveCfg = Release|Any CPU
		{20000000-0000-0000-0000-000000000006}.Release|x64.Build.0 = Release|Any CPU
		{20000000-0000-0000-0000-000000000006}.Release|x86.ActiveCfg = Release|Any CPU
		{20000000-0000-0000-0000-000000000006}.Release|x86.Build.0 = Release|Any CPU
		{20000000-0000-0000-0000-000000000007}.Debug|Any CPU.ActiveCfg = Debug|Any CPU
		{20000000-0000-0000-0000-000000000007}.Debug|Any CPU.Build.0 = Debug|Any CPU
		{20000000-0000-0000-0000-000000000007}.Debug|x64.ActiveCfg = Debug|Any CPU
		{20000000-0000-0000-0000-000000000007}.Debug|x64.Build.0 = Debug|Any CPU
		{20000000-0000-0000-0000-000000000007}.Debug|x86.ActiveCfg = Debug|Any CPU
		{20000000-0000-0000-0000-000000000007}.Debug|x86.Build.0 = Debug|Any CPU
		{20000000-0000-0000-0000-000000000007}.Release|Any CPU.ActiveCfg = Release|Any CPU
		{20000000-0000-0000-0000-000000000007}.Release|Any CPU.Build.0 = Release|Any CPU
		{20000000-0000-0000-0000-000000000007}.Release|x64.ActiveCfg = Release|Any CPU
		{20000000-0000-0000-0000-000000000007}.Release|x64.Build.0 = Release|Any CPU
		{20000000-0000-0000-0000-000000000007}.Release|x86.ActiveCfg = Release|Any CPU
		{20000000-0000-0000-0000-000000000007}.Release|x86.Build.0 = Release|Any CPU
		{20000000-0000-0000-0000-000000000008}.Debug|Any CPU.ActiveCfg = Debug|Any CPU
		{20000000-0000-0000-0000-000000000008}.Debug|Any CPU.Build.0 = Debug|Any CPU
		{20000000-0000-0000-0000-000000000008}.Debug|x64.ActiveCfg = Debug|Any CPU
		{20000000-0000-0000-0000-000000000008}.Debug|x64.Build.0 = Debug|Any CPU
		{20000000-0000-0000-0000-000000000008}.Debug|x86.ActiveCfg = Debug|Any CPU
		{20000000-0000-0000-0000-000000000008}.Debug|x86.Build.0 = Debug|Any CPU
		{20000000-0000-0000-0000-000000000008}.Release|Any CPU.ActiveCfg = Release|Any CPU
		{20000000-0000-0000-0000-000000000008}.Release|Any CPU.Build.0 = Release|Any CPU
		{20000000-0000-0000-0000-000000000008}.Release|x64.ActiveCfg = Release|Any CPU
		{20000000-0000-0000-0000-000000000008}.Release|x64.Build.0 = Release|Any CPU
		{20000000-0000-0000-0000-000000000008}.Release|x86.ActiveCfg = Release|Any CPU
		{20000000-0000-0000-0000-000000000008}.Release|x86.Build.0 = Release|Any CPU
		{20000000-0000-0000-0000-000000000009}.Debug|Any CPU.ActiveCfg = Debug|Any CPU
		{20000000-0000-0000-0000-000000000009}.Debug|Any CPU.Build.0 = Debug|Any CPU
		{20000000-0000-0000-0000-000000000009}.Debug|x64.ActiveCfg = Debug|Any CPU
		{20000000-0000-0000-0000-000000000009}.Debug|x64.Build.0 = Debug|Any CPU
		{20000000-0000-0000-0000-000000000009}.Debug|x86.ActiveCfg = Debug|Any CPU
		{20000000-0000-0000-0000-000000000009}.Debug|x86.Build.0 = Debug|Any CPU
		{20000000-0000-0000-0000-000000000009}.Release|Any CPU.ActiveCfg = Release|Any CPU
		{20000000-0000-0000-0000-000000000009}.Release|Any CPU.Build.0 = Release|Any CPU
		{20000000-0000-0000-0000-000000000009}.Release|x64.ActiveCfg = Release|Any CPU
		{20000000-0000-0000-0000-000000000009}.Release|x64.Build.0 = Release|Any CPU
		{20000000-0000-0000-0000-000000000009}.Release|x86.ActiveCfg = Release|Any CPU
		{20000000-0000-0000-0000-000000000009}.Release|x86.Build.0 = Release|Any CPU
		{20000000-0000-0000-0000-000000000010}.Debug|Any CPU.ActiveCfg = Debug|Any CPU
		{20000000-0000-0000-0000-000000000010}.Debug|Any CPU.Build.0 = Debug|Any CPU
		{20000000-0000-0000-0000-000000000010}.Debug|x64.ActiveCfg = Debug|Any CPU
		{20000000-0000-0000-0000-000000000010}.Debug|x64.Build.0 = Debug|Any CPU
		{20000000-0000-0000-0000-000000000010}.Debug|x86.ActiveCfg = Debug|Any CPU
		{20000000-0000-0000-0000-000000000010}.Debug|x86.Build.0 = Debug|Any CPU
		{20000000-0000-0000-0000-000000000010}.Release|Any CPU.ActiveCfg = Release|Any CPU
		{20000000-0000-0000-0000-000000000010}.Release|Any CPU.Build.0 = Release|Any CPU
		{20000000-0000-0000-0000-000000000010}.Release|x64.ActiveCfg = Release|Any CPU
		{20000000-0000-0000-0000-000000000010}.Release|x64.Build.0 = Release|Any CPU
		{20000000-0000-0000-0000-000000000010}.Release|x86.ActiveCfg = Release|Any CPU
		{20000000-0000-0000-0000-000000000010}.Release|x86.Build.0 = Release|Any CPU
		{30000000-0000-0000-0000-000000000001}.Debug|Any CPU.ActiveCfg = Debug|Any CPU
		{30000000-0000-0000-0000-000000000001}.Debug|Any CPU.Build.0 = Debug|Any CPU
		{30000000-0000-0000-0000-000000000001}.Debug|x64.ActiveCfg = Debug|Any CPU
		{30000000-0000-0000-0000-000000000001}.Debug|x64.Build.0 = Debug|Any CPU
		{30000000-0000-0000-0000-000000000001}.Debug|x86.ActiveCfg = Debug|Any CPU
		{30000000-0000-0000-0000-000000000001}.Debug|x86.Build.0 = Debug|Any CPU
		{30000000-0000-0000-0000-000000000001}.Release|Any CPU.ActiveCfg = Release|Any CPU
		{30000000-0000-0000-0000-000000000001}.Release|Any CPU.Build.0 = Release|Any CPU
		{30000000-0000-0000-0000-000000000001}.Release|x64.ActiveCfg = Release|Any CPU
		{30000000-0000-0000-0000-000000000001}.Release|x64.Build.0 = Release|Any CPU
		{30000000-0000-0000-0000-000000000001}.Release|x86.ActiveCfg = Release|Any CPU
		{30000000-0000-0000-0000-000000000001}.Release|x86.Build.0 = Release|Any CPU
		{30000000-0000-0000-0000-000000000002}.Debug|Any CPU.ActiveCfg = Debug|Any CPU
		{30000000-0000-0000-0000-000000000002}.Debug|Any CPU.Build.0 = Debug|Any CPU
		{30000000-0000-0000-0000-000000000002}.Debug|x64.ActiveCfg = Debug|Any CPU
		{30000000-0000-0000-0000-000000000002}.Debug|x64.Build.0 = Debug|Any CPU
		{30000000-0000-0000-0000-000000000002}.Debug|x86.ActiveCfg = Debug|Any CPU
		{30000000-0000-0000-0000-000000000002}.Debug|x86.Build.0 = Debug|Any CPU
		{30000000-0000-0000-0000-000000000002}.Release|Any CPU.ActiveCfg = Release|Any CPU
		{30000000-0000-0000-0000-000000000002}.Release|Any CPU.Build.0 = Release|Any CPU
		{30000000-0000-0000-0000-000000000002}.Release|x64.ActiveCfg = Release|Any CPU
		{30000000-0000-0000-0000-000000000002}.Release|x64.Build.0 = Release|Any CPU
		{30000000-0000-0000-0000-000000000002}.Release|x86.ActiveCfg = Release|Any CPU
		{30000000-0000-0000-0000-000000000002}.Release|x86.Build.0 = Release|Any CPU
		{30000000-0000-0000-0000-000000000003}.Debug|Any CPU.ActiveCfg = Debug|Any CPU
		{30000000-0000-0000-0000-000000000003}.Debug|Any CPU.Build.0 = Debug|Any CPU
		{30000000-0000-0000-0000-000000000003}.Debug|x64.ActiveCfg = Debug|Any CPU
		{30000000-0000-0000-0000-000000000003}.Debug|x64.Build.0 = Debug|Any CPU
		{30000000-0000-0000-0000-000000000003}.Debug|x86.ActiveCfg = Debug|Any CPU
		{30000000-0000-0000-0000-000000000003}.Debug|x86.Build.0 = Debug|Any CPU
		{30000000-0000-0000-0000-000000000003}.Release|Any CPU.ActiveCfg = Release|Any CPU
		{30000000-0000-0000-0000-000000000003}.Release|Any CPU.Build.0 = Release|Any CPU
		{30000000-0000-0000-0000-000000000003}.Release|x64.ActiveCfg = Release|Any CPU
		{30000000-0000-0000-0000-000000000003}.Release|x64.Build.0 = Release|Any CPU
		{30000000-0000-0000-0000-000000000003}.Release|x86.ActiveCfg = Release|Any CPU
		{30000000-0000-0000-0000-000000000003}.Release|x86.Build.0 = Release|Any CPU
		{30000000-0000-0000-0000-000000000004}.Debug|Any CPU.ActiveCfg = Debug|Any CPU
		{30000000-0000-0000-0000-000000000004}.Debug|Any CPU.Build.0 = Debug|Any CPU
		{30000000-0000-0000-0000-000000000004}.Debug|x64.ActiveCfg = Debug|Any CPU
		{30000000-0000-0000-0000-000000000004}.Debug|x64.Build.0 = Debug|Any CPU
		{30000000-0000-0000-0000-000000000004}.Debug|x86.ActiveCfg = Debug|Any CPU
		{30000000-0000-0000-0000-000000000004}.Debug|x86.Build.0 = Debug|Any CPU
		{30000000-0000-0000-0000-000000000004}.Release|Any CPU.ActiveCfg = Release|Any CPU
		{30000000-0000-0000-0000-000000000004}.Release|Any CPU.Build.0 = Release|Any CPU
		{30000000-0000-0000-0000-000000000004}.Release|x64.ActiveCfg = Release|Any CPU
		{30000000-0000-0000-0000-000000000004}.Release|x64.Build.0 = Release|Any CPU
		{30000000-0000-0000-0000-000000000004}.Release|x86.ActiveCfg = Release|Any CPU
		{30000000-0000-0000-0000-000000000004}.Release|x86.Build.0 = Release|Any CPU
		{A59D4C56-53C6-41FD-962A-E9646751E78E}.Debug|Any CPU.ActiveCfg = Debug|Any CPU
		{A59D4C56-53C6-41FD-962A-E9646751E78E}.Debug|Any CPU.Build.0 = Debug|Any CPU
		{A59D4C56-53C6-41FD-962A-E9646751E78E}.Debug|x64.ActiveCfg = Debug|Any CPU
		{A59D4C56-53C6-41FD-962A-E9646751E78E}.Debug|x64.Build.0 = Debug|Any CPU
		{A59D4C56-53C6-41FD-962A-E9646751E78E}.Debug|x86.ActiveCfg = Debug|Any CPU
		{A59D4C56-53C6-41FD-962A-E9646751E78E}.Debug|x86.Build.0 = Debug|Any CPU
		{A59D4C56-53C6-41FD-962A-E9646751E78E}.Release|Any CPU.ActiveCfg = Release|Any CPU
		{A59D4C56-53C6-41FD-962A-E9646751E78E}.Release|Any CPU.Build.0 = Release|Any CPU
		{A59D4C56-53C6-41FD-962A-E9646751E78E}.Release|x64.ActiveCfg = Release|Any CPU
		{A59D4C56-53C6-41FD-962A-E9646751E78E}.Release|x64.Build.0 = Release|Any CPU
		{A59D4C56-53C6-41FD-962A-E9646751E78E}.Release|x86.ActiveCfg = Release|Any CPU
		{A59D4C56-53C6-41FD-962A-E9646751E78E}.Release|x86.Build.0 = Release|Any CPU
		{34E21CB7-B6D3-48D9-B0CC-477DCDDDA25B}.Debug|Any CPU.ActiveCfg = Debug|Any CPU
		{34E21CB7-B6D3-48D9-B0CC-477DCDDDA25B}.Debug|Any CPU.Build.0 = Debug|Any CPU
		{34E21CB7-B6D3-48D9-B0CC-477DCDDDA25B}.Debug|x64.ActiveCfg = Debug|Any CPU
		{34E21CB7-B6D3-48D9-B0CC-477DCDDDA25B}.Debug|x64.Build.0 = Debug|Any CPU
		{34E21CB7-B6D3-48D9-B0CC-477DCDDDA25B}.Debug|x86.ActiveCfg = Debug|Any CPU
		{34E21CB7-B6D3-48D9-B0CC-477DCDDDA25B}.Debug|x86.Build.0 = Debug|Any CPU
		{34E21CB7-B6D3-48D9-B0CC-477DCDDDA25B}.Release|Any CPU.ActiveCfg = Release|Any CPU
		{34E21CB7-B6D3-48D9-B0CC-477DCDDDA25B}.Release|Any CPU.Build.0 = Release|Any CPU
		{34E21CB7-B6D3-48D9-B0CC-477DCDDDA25B}.Release|x64.ActiveCfg = Release|Any CPU
		{34E21CB7-B6D3-48D9-B0CC-477DCDDDA25B}.Release|x64.Build.0 = Release|Any CPU
		{34E21CB7-B6D3-48D9-B0CC-477DCDDDA25B}.Release|x86.ActiveCfg = Release|Any CPU
		{34E21CB7-B6D3-48D9-B0CC-477DCDDDA25B}.Release|x86.Build.0 = Release|Any CPU
	EndGlobalSection
	GlobalSection(SolutionProperties) = preSolution
		HideSolutionNode = FALSE
	EndGlobalSection
	GlobalSection(NestedProjects) = preSolution
		{A59D4C56-53C6-41FD-962A-E9646751E78E} = {827E0CD3-B72D-47B6-A68D-7590B98EB39B}
		{34E21CB7-B6D3-48D9-B0CC-477DCDDDA25B} = {827E0CD3-B72D-47B6-A68D-7590B98EB39B}
	EndGlobalSection
EndGlobal
